
Microsoft Visual Studio Solution File, Format Version 12.00
# Visual Studio Version 17
VisualStudioVersion = 17.7.34009.444
MinimumVisualStudioVersion = 10.0.40219.1
Project("{F184B08F-C81C-45F6-A57F-5ABD9991F28F}") = "cashierGenus", "cashierGenus\cashierGenus.vbproj", "{F4962885-B15C-4184-8192-16F683AC0A32}"
EndProject
Global
	GlobalSection(SolutionConfigurationPlatforms) = preSolution
		Debug|Any CPU = Debug|Any CPU
		Release|Any CPU = Release|Any CPU
	EndGlobalSection
	GlobalSection(ProjectConfigurationPlatforms) = postSolution
		{F4962885-B15C-4184-8192-16F683AC0A32}.Debug|Any CPU.ActiveCfg = Debug|Any CPU
		{F4962885-B15C-4184-8192-16F683AC0A32}.Debug|Any CPU.Build.0 = Debug|Any CPU
		{F4962885-B15C-4184-8192-16F683AC0A32}.Release|Any CPU.ActiveCfg = Release|Any CPU
		{F4962885-B15C-4184-8192-16F683AC0A32}.Release|Any CPU.Build.0 = Release|Any CPU
	EndGlobalSection
	GlobalSection(SolutionProperties) = preSolution
		HideSolutionNode = FALSE
	EndGlobalSection
	GlobalSection(ExtensibilityGlobals) = postSolution
		SolutionGuid = {515F0C9F-1E6D-425E-83A0-903EF977E384}
	EndGlobalSection
EndGlobal
